// !$*UTF8*$!
{
	archiveVersion = 1;
	classes = {
	};
	objectVersion = 77;
	objects = {

/* Begin PBXBuildFile section */
		02B7AF402C3438D4683A3B81 /* SpeechService.swift in Sources */ = {isa = PBXBuildFile; fileRef = 7704630A5B5C7ED5B04039B0 /* SpeechService.swift */; };
		13DFE051705A1D43CD8F208A /* ProfileView.swift in Sources */ = {isa = PBXBuildFile; fileRef = 8DB50E47F031892B2110D229 /* ProfileView.swift */; };
		192AA87F88728E73D2319168 /* ChatView.swift in Sources */ = {isa = PBXBuildFile; fileRef = 3917FFF546F3AB1C857AD9DE /* ChatView.swift */; };
		1C05EDF02A1B14B8950940A9 /* Models.swift in Sources */ = {isa = PBXBuildFile; fileRef = EB9F99E547CF2ADEC0738C47 /* Models.swift */; };
		270C84FA94032131F6E32DBC /* HistoryView.swift in Sources */ = {isa = PBXBuildFile; fileRef = DF25EAF64D05F3435EF670CB /* HistoryView.swift */; };
		3F1A03FCA733452231D74C41 /* Theme.swift in Sources */ = {isa = PBXBuildFile; fileRef = 6F87F7BCB8984E4E2277B69F /* Theme.swift */; };
		98DD428BABF2BDAF3017772E /* ContentView.swift in Sources */ = {isa = PBXBuildFile; fileRef = 77A41F303E13BD97E90A9C28 /* ContentView.swift */; };
		AFAD1E7D0BE0E83BA15F5D54 /* APIService.swift in Sources */ = {isa = PBXBuildFile; fileRef = 264CCE51B59F551D49FFEC5B /* APIService.swift */; };
		B0BCEF968285E49859BFDDA3 /* AuroraApp.swift in Sources */ = {isa = PBXBuildFile; fileRef = CCB3719991A6FFE9C5EE651F /* AuroraApp.swift */; };
		FA6B2694000DC581BE6FDF51 /* TodayView.swift in Sources */ = {isa = PBXBuildFile; fileRef = 7559C80B3AE39F96FEF0110C /* TodayView.swift */; };
/* End PBXBuildFile section */

/* Begin PBXFileReference section */
		264CCE51B59F551D49FFEC5B /* APIService.swift */ = {isa = PBXFileReference; lastKnownFileType = sourcecode.swift; path = APIService.swift; sourceTree = "<group>"; };
		3917FFF546F3AB1C857AD9DE /* ChatView.swift */ = {isa = PBXFileReference; lastKnownFileType = sourcecode.swift; path = ChatView.swift; sourceTree = "<group>"; };
		6F87F7BCB8984E4E2277B69F /* Theme.swift */ = {isa = PBXFileReference; lastKnownFileType = sourcecode.swift; path = Theme.swift; sourceTree = "<group>"; };
		7559C80B3AE39F96FEF0110C /* TodayView.swift */ = {isa = PBXFileReference; lastKnownFileType = sourcecode.swift; path = TodayView.swift; sourceTree = "<group>"; };
		7704630A5B5C7ED5B04039B0 /* SpeechService.swift */ = {isa = PBXFileReference; lastKnownFileType = sourcecode.swift; path = SpeechService.swift; sourceTree = "<group>"; };
		77A41F303E13BD97E90A9C28 /* ContentView.swift */ = {isa = PBXFileReference; lastKnownFileType = sourcecode.swift; path = ContentView.swift; sourceTree = "<group>"; };
		8DB50E47F031892B2110D229 /* ProfileView.swift */ = {isa = PBXFileReference; lastKnownFileType = sourcecode.swift; path = ProfileView.swift; sourceTree = "<group>"; };
		A078D712EDB91254FB4C65EB /* Aurora.app */ = {isa = PBXFileReference; includeInIndex = 0; lastKnownFileType = wrapper.application; path = Aurora.app; sourceTree = BUILT_PRODUCTS_DIR; };
		AADC563D80995D808A6C7C77 /* Info.plist */ = {isa = PBXFileReference; lastKnownFileType = text.plist; path = Info.plist; sourceTree = "<group>"; };
		CCB3719991A6FFE9C5EE651F /* AuroraApp.swift */ = {isa = PBXFileReference; lastKnownFileType = sourcecode.swift; path = AuroraApp.swift; sourceTree = "<group>"; };
		DF25EAF64D05F3435EF670CB /* HistoryView.swift */ = {isa = PBXFileReference; lastKnownFileType = sourcecode.swift; path = HistoryView.swift; sourceTree = "<group>"; };
		EB9F99E547CF2ADEC0738C47 /* Models.swift */ = {isa = PBXFileReference; lastKnownFileType = sourcecode.swift; path = Models.swift; sourceTree = "<group>"; };
/* End PBXFileReference section */

/* Begin PBXGroup section */
		000AB1D6A3A873FB102548D0 /* Aurora */ = {
			isa = PBXGroup;
			children = (
				CCB3719991A6FFE9C5EE651F /* AuroraApp.swift */,
				AADC563D80995D808A6C7C77 /* Info.plist */,
				B684F93576880BE1739D6916 /* Models */,
				89A67F1DFCF1EBB5DA968488 /* Services */,
				411AAAE5180C27FC7FD03788 /* Utils */,
				EB4F2B72B63F2AF7B2AC5B7B /* Views */,
			);
			path = Aurora;
			sourceTree = "<group>";
		};
		411AAAE5180C27FC7FD03788 /* Utils */ = {
			isa = PBXGroup;
			children = (
				6F87F7BCB8984E4E2277B69F /* Theme.swift */,
			);
			path = Utils;
			sourceTree = "<group>";
		};
		829622D1999AC5BF17B88CCF = {
			isa = PBXGroup;
			children = (
				000AB1D6A3A873FB102548D0 /* Aurora */,
				BB330B0362CF6776AF1A98BD /* Products */,
			);
			sourceTree = "<group>";
		};
		89A67F1DFCF1EBB5DA968488 /* Services */ = {
			isa = PBXGroup;
			children = (
				264CCE51B59F551D49FFEC5B /* APIService.swift */,
				7704630A5B5C7ED5B04039B0 /* SpeechService.swift */,
			);
			path = Services;
			sourceTree = "<group>";
		};
		B684F93576880BE1739D6916 /* Models */ = {
			isa = PBXGroup;
			children = (
				EB9F99E547CF2ADEC0738C47 /* Models.swift */,
			);
			path = Models;
			sourceTree = "<group>";
		};
		BB330B0362CF6776AF1A98BD /* Products */ = {
			isa = PBXGroup;
			children = (
				A078D712EDB91254FB4C65EB /* Aurora.app */,
			);
			name = Products;
			sourceTree = "<group>";
		};
		EB4F2B72B63F2AF7B2AC5B7B /* Views */ = {
			isa = PBXGroup;
			children = (
				3917FFF546F3AB1C857AD9DE /* ChatView.swift */,
				77A41F303E13BD97E90A9C28 /* ContentView.swift */,
				DF25EAF64D05F3435EF670CB /* HistoryView.swift */,
				8DB50E47F031892B2110D229 /* ProfileView.swift */,
				7559C80B3AE39F96FEF0110C /* TodayView.swift */,
			);
			path = Views;
			sourceTree = "<group>";
		};
/* End PBXGroup section */

/* Begin PBXNativeTarget section */
		42A5C0E29A2F7401AE1DAAA6 /* Aurora */ = {
			isa = PBXNativeTarget;
			buildConfigurationList = 111A2FF3D7DAB9D1609BBB2E /* Build configuration list for PBXNativeTarget "Aurora" */;
			buildPhases = (
				11EAC339E4E4F6AC6B9348CE /* Sources */,
			);
			buildRules = (
			);
			dependencies = (
			);
			name = Aurora;
			packageProductDependencies = (
			);
			productName = Aurora;
			productReference = A078D712EDB91254FB4C65EB /* Aurora.app */;
			productType = "com.apple.product-type.application";
		};
/* End PBXNativeTarget section */

/* Begin PBXProject section */
		F5D86FCEB22D9DBE7ED24A12 /* Project object */ = {
			isa = PBXProject;
			attributes = {
				BuildIndependentTargetsInParallel = YES;
				LastUpgradeCheck = 1600;
				TargetAttributes = {
				};
			};
			buildConfigurationList = 4502CB802A610543D6772484 /* Build configuration list for PBXProject "Aurora" */;
			developmentRegion = en;
			hasScannedForEncodings = 0;
			knownRegions = (
				Base,
				en,
			);
			mainGroup = 829622D1999AC5BF17B88CCF;
			minimizedProjectReferenceProxies = 1;
			preferredProjectObjectVersion = 77;
			productRefGroup = BB330B0362CF6776AF1A98BD /* Products */;
			projectDirPath = "";
			projectRoot = "";
			targets = (
				42A5C0E29A2F7401AE1DAAA6 /* Aurora */,
			);
		};
/* End PBXProject section */

/* Begin PBXSourcesBuildPhase section */
		11EAC339E4E4F6AC6B9348CE /* Sources */ = {
			isa = PBXSourcesBuildPhase;
			buildActionMask = 2147483647;
			files = (
				AFAD1E7D0BE0E83BA15F5D54 /* APIService.swift in Sources */,
				B0BCEF968285E49859BFDDA3 /* AuroraApp.swift in Sources */,
				192AA87F88728E73D2319168 /* ChatView.swift in Sources */,
				98DD428BABF2BDAF3017772E /* ContentView.swift in Sources */,
				270C84FA94032131F6E32DBC /* HistoryView.swift in Sources */,
				1C05EDF02A1B14B8950940A9 /* Models.swift in Sources */,
				13DFE051705A1D43CD8F208A /* ProfileView.swift in Sources */,
				02B7AF402C3438D4683A3B81 /* SpeechService.swift in Sources */,
				3F1A03FCA733452231D74C41 /* Theme.swift in Sources */,
				FA6B2694000DC581BE6FDF51 /* TodayView.swift in Sources */,
			);
			runOnlyForDeploymentPostprocessing = 0;
		};
/* End PBXSourcesBuildPhase section */

/* Begin XCBuildConfiguration section */
		0C1E5F4AFD65F1B0AFE1D062 /* Release */ = {
			isa = XCBuildConfiguration;
			buildSettings = {
				ASSETCATALOG_COMPILER_APPICON_NAME = AppIcon;
				CODE_SIGN_IDENTITY = "iPhone Developer";
				INFOPLIST_FILE = Aurora/Info.plist;
				LD_RUNPATH_SEARCH_PATHS = (
					"$(inherited)",
					"@executable_path/Frameworks",
				);
				PRODUCT_BUNDLE_IDENTIFIER = com.omniaos.aurora;
				SDKROOT = iphoneos;
				TARGETED_DEVICE_FAMILY = "1,2";
			};
			name = Release;
		};
		2967E9A58039FB84E2761D2F /* Release */ = {
			isa = XCBuildConfiguration;
			buildSettings = {
				ALWAYS_SEARCH_USER_PATHS = NO;
				CLANG_ANALYZER_NONNULL = YES;
				CLANG_ANALYZER_NUMBER_OBJECT_CONVERSION = YES_AGGRESSIVE;
				CLANG_CXX_LANGUAGE_STANDARD = "gnu++14";
				CLANG_CXX_LIBRARY = "libc++";
				CLANG_ENABLE_MODULES = YES;
				CLANG_ENABLE_OBJC_ARC = YES;
				CLANG_ENABLE_OBJC_WEAK = YES;
				CLANG_WARN_BLOCK_CAPTURE_AUTORELEASING = YES;
				CLANG_WARN_BOOL_CONVERSION = YES;
				CLANG_WARN_COMMA = YES;
				CLANG_WARN_CONSTANT_CONVERSION = YES;
				CLANG_WARN_DEPRECATED_OBJC_IMPLEMENTATIONS = YES;
				CLANG_WARN_DIRECT_OBJC_ISA_USAGE = YES_ERROR;
				CLANG_WARN_DOCUMENTATION_COMMENTS = YES;
				CLANG_WARN_EMPTY_BODY = YES;
				CLANG_WARN_ENUM_CONVERSION = YES;
				CLANG_WARN_INFINITE_RECURSION = YES;
				CLANG_WARN_INT_CONVERSION = YES;
				CLANG_WARN_NON_LITERAL_NULL_CONVERSION = YES;
				CLANG_WARN_OBJC_IMPLICIT_RETAIN_SELF = YES;
				CLANG_WARN_OBJC_LITERAL_CONVERSION = YES;
				CLANG_WARN_OBJC_ROOT_CLASS = YES_ERROR;
				CLANG_WARN_QUOTED_INCLUDE_IN_FRAMEWORK_HEADER = YES;
				CLANG_WARN_RANGE_LOOP_ANALYSIS = YES;
				CLANG_WARN_STRICT_PROTOTYPES = YES;
				CLANG_WARN_SUSPICIOUS_MOVE = YES;
				CLANG_WARN_UNGUARDED_AVAILABILITY = YES_AGGRESSIVE;
				CLANG_WARN_UNREACHABLE_CODE = YES;
				CLANG_WARN__DUPLICATE_METHOD_MATCH = YES;
				COPY_PHASE_STRIP = NO;
				CURRENT_PROJECT_VERSION = 1;
				DEBUG_INFORMATION_FORMAT = "dwarf-with-dsym";
				ENABLE_NS_ASSERTIONS = NO;
				ENABLE_STRICT_OBJC_MSGSEND = YES;
				GCC_C_LANGUAGE_STANDARD = gnu11;
				GCC_NO_COMMON_BLOCKS = YES;
				GCC_WARN_64_TO_32_BIT_CONVERSION = YES;
				GCC_WARN_ABOUT_RETURN_TYPE = YES_ERROR;
				GCC_WARN_UNDECLARED_SELECTOR = YES;
				GCC_WARN_UNINITIALIZED_AUTOS = YES_AGGRESSIVE;
				GCC_WARN_UNUSED_FUNCTION = YES;
				GCC_WARN_UNUSED_VARIABLE = YES;
				IPHONEOS_DEPLOYMENT_TARGET = 17.0;
				MARKETING_VERSION = 1.0.0;
				MTL_ENABLE_DEBUG_INFO = NO;
				MTL_FAST_MATH = YES;
				PRODUCT_NAME = "$(TARGET_NAME)";
				SDKROOT = iphoneos;
				SWIFT_COMPILATION_MODE = wholemodule;
				SWIFT_OPTIMIZATION_LEVEL = "-O";
				SWIFT_VERSION = 5.9;
			};
			name = Release;
		};
		33DDB0444D16B491378E71CF /* Debug */ = {
			isa = XCBuildConfiguration;
			buildSettings = {
				ALWAYS_SEARCH_USER_PATHS = NO;
				CLANG_ANALYZER_NONNULL = YES;
				CLANG_ANALYZER_NUMBER_OBJECT_CONVERSION = YES_AGGRESSIVE;
				CLANG_CXX_LANGUAGE_STANDARD = "gnu++14";
				CLANG_CXX_LIBRARY = "libc++";
				CLANG_ENABLE_MODULES = YES;
				CLANG_ENABLE_OBJC_ARC = YES;
				CLANG_ENABLE_OBJC_WEAK = YES;
				CLANG_WARN_BLOCK_CAPTURE_AUTORELEASING = YES;
				CLANG_WARN_BOOL_CONVERSION = YES;
				CLANG_WARN_COMMA = YES;
				CLANG_WARN_CONSTANT_CONVERSION = YES;
				CLANG_WARN_DEPRECATED_OBJC_IMPLEMENTATIONS = YES;
				CLANG_WARN_DIRECT_OBJC_ISA_USAGE = YES_ERROR;
				CLANG_WARN_DOCUMENTATION_COMMENTS = YES;
				CLANG_WARN_EMPTY_BODY = YES;
				CLANG_WARN_ENUM_CONVERSION = YES;
				CLANG_WARN_INFINITE_RECURSION = YES;
				CLANG_WARN_INT_CONVERSION = YES;
				CLANG_WARN_NON_LITERAL_NULL_CONVERSION = YES;
				CLANG_WARN_OBJC_IMPLICIT_RETAIN_SELF = YES;
				CLANG_WARN_OBJC_LITERAL_CONVERSION = YES;
				CLANG_WARN_OBJC_ROOT_CLASS = YES_ERROR;
				CLANG_WARN_QUOTED_INCLUDE_IN_FRAMEWORK_HEADER = YES;
				CLANG_WARN_RANGE_LOOP_ANALYSIS = YES;
				CLANG_WARN_STRICT_PROTOTYPES = YES;
				CLANG_WARN_SUSPICIOUS_MOVE = YES;
				CLANG_WARN_UNGUARDED_AVAILABILITY = YES_AGGRESSIVE;
				CLANG_WARN_UNREACHABLE_CODE = YES;
				CLANG_WARN__DUPLICATE_METHOD_MATCH = YES;
				COPY_PHASE_STRIP = NO;
				CURRENT_PROJECT_VERSION = 1;
				DEBUG_INFORMATION_FORMAT = dwarf;
				ENABLE_STRICT_OBJC_MSGSEND = YES;
				ENABLE_TESTABILITY = YES;
				GCC_C_LANGUAGE_STANDARD = gnu11;
				GCC_DYNAMIC_NO_PIC = NO;
				GCC_NO_COMMON_BLOCKS = YES;
				GCC_OPTIMIZATION_LEVEL = 0;
				GCC_PREPROCESSOR_DEFINITIONS = (
					"$(inherited)",
					"DEBUG=1",
				);
				GCC_WARN_64_TO_32_BIT_CONVERSION = YES;
				GCC_WARN_ABOUT_RETURN_TYPE = YES_ERROR;
				GCC_WARN_UNDECLARED_SELECTOR = YES;
				GCC_WARN_UNINITIALIZED_AUTOS = YES_AGGRESSIVE;
				GCC_WARN_UNUSED_FUNCTION = YES;
				GCC_WARN_UNUSED_VARIABLE = YES;
				IPHONEOS_DEPLOYMENT_TARGET = 17.0;
				MARKETING_VERSION = 1.0.0;
				MTL_ENABLE_DEBUG_INFO = INCLUDE_SOURCE;
				MTL_FAST_MATH = YES;
				ONLY_ACTIVE_ARCH = YES;
				PRODUCT_NAME = "$(TARGET_NAME)";
				SDKROOT = iphoneos;
				SWIFT_ACTIVE_COMPILATION_CONDITIONS = DEBUG;
				SWIFT_OPTIMIZATION_LEVEL = "-Onone";
				SWIFT_VERSION = 5.9;
			};
			name = Debug;
		};
		DFB13FE38B46E973567AB156 /* Debug */ = {
			isa = XCBuildConfiguration;
			buildSettings = {
				ASSETCATALOG_COMPILER_APPICON_NAME = AppIcon;
				CODE_SIGN_IDENTITY = "iPhone Developer";
				INFOPLIST_FILE = Aurora/Info.plist;
				LD_RUNPATH_SEARCH_PATHS = (
					"$(inherited)",
					"@executable_path/Frameworks",
				);
				PRODUCT_BUNDLE_IDENTIFIER = com.omniaos.aurora;
				SDKROOT = iphoneos;
				TARGETED_DEVICE_FAMILY = "1,2";
			};
			name = Debug;
		};
/* End XCBuildConfiguration section */

/* Begin XCConfigurationList section */
		111A2FF3D7DAB9D1609BBB2E /* Build configuration list for PBXNativeTarget "Aurora" */ = {
			isa = XCConfigurationList;
			buildConfigurations = (
				DFB13FE38B46E973567AB156 /* Debug */,
				0C1E5F4AFD65F1B0AFE1D062 /* Release */,
			);
			defaultConfigurationIsVisible = 0;
			defaultConfigurationName = Debug;
		};
		4502CB802A610543D6772484 /* Build configuration list for PBXProject "Aurora" */ = {
			isa = XCConfigurationList;
			buildConfigurations = (
				33DDB0444D16B491378E71CF /* Debug */,
				2967E9A58039FB84E2761D2F /* Release */,
			);
			defaultConfigurationIsVisible = 0;
			defaultConfigurationName = Debug;
		};
/* End XCConfigurationList section */
	};
	rootObject = F5D86FCEB22D9DBE7ED24A12 /* Project object */;
}
